// !$*UTF8*$!
{
	archiveVersion = 1;
	classes = {
	};
	objectVersion = 70;
	objects = {

/* Begin PBXBuildFile section */
		0303CF152C6C630400567515 /* PocketBaseUI in Frameworks */ = {isa = PBXBuildFile; productRef = 0303CF142C6C630400567515 /* PocketBaseUI */; };
		034922FB2C635FA200FC5AFD /* PocketBase in Frameworks */ = {isa = PBXBuildFile; productRef = 034922FA2C635FA200FC5AFD /* PocketBase */; };
		03CE5D592CA9177D00F50B0C /* PocketBase in Frameworks */ = {isa = PBXBuildFile; productRef = 03CE5D582CA9177D00F50B0C /* PocketBase */; };
/* End PBXBuildFile section */

/* Begin PBXContainerItemProxy section */
		034922DD2C635F4A00FC5AFD /* PBXContainerItemProxy */ = {
			isa = PBXContainerItemProxy;
			containerPortal = 034922C32C635F4900FC5AFD /* Project object */;
			proxyType = 1;
			remoteGlobalIDString = 034922CA2C635F4900FC5AFD;
			remoteInfo = PocketBaseDemo;
		};
		034922E72C635F4A00FC5AFD /* PBXContainerItemProxy */ = {
			isa = PBXContainerItemProxy;
			containerPortal = 034922C32C635F4900FC5AFD /* Project object */;
			proxyType = 1;
			remoteGlobalIDString = 034922CA2C635F4900FC5AFD;
			remoteInfo = PocketBaseDemo;
		};
		03B77BA92CA9154A00F2657F /* PBXContainerItemProxy */ = {
			isa = PBXContainerItemProxy;
			containerPortal = 034922C32C635F4900FC5AFD /* Project object */;
			proxyType = 1;
			remoteGlobalIDString = 034922CA2C635F4900FC5AFD;
			remoteInfo = PocketBaseDemo;
		};
/* End PBXContainerItemProxy section */

/* Begin PBXFileReference section */
		034922CB2C635F4900FC5AFD /* PocketBaseDemo.app */ = {isa = PBXFileReference; explicitFileType = wrapper.application; includeInIndex = 0; path = PocketBaseDemo.app; sourceTree = BUILT_PRODUCTS_DIR; };
		034922DC2C635F4A00FC5AFD /* PocketBaseDemoTests.xctest */ = {isa = PBXFileReference; explicitFileType = wrapper.cfbundle; includeInIndex = 0; path = PocketBaseDemoTests.xctest; sourceTree = BUILT_PRODUCTS_DIR; };
		034922E62C635F4A00FC5AFD /* PocketBaseDemoUITests.xctest */ = {isa = PBXFileReference; explicitFileType = wrapper.cfbundle; includeInIndex = 0; path = PocketBaseDemoUITests.xctest; sourceTree = BUILT_PRODUCTS_DIR; };
		03B77BA52CA9154A00F2657F /* PocketBaseIntegrationTests.xctest */ = {isa = PBXFileReference; explicitFileType = wrapper.cfbundle; includeInIndex = 0; path = PocketBaseIntegrationTests.xctest; sourceTree = BUILT_PRODUCTS_DIR; };
/* End PBXFileReference section */

/* Begin PBXFileSystemSynchronizedBuildFileExceptionSet section */
		0303CF192C6C65A900567515 /* PBXFileSystemSynchronizedBuildFileExceptionSet */ = {
			isa = PBXFileSystemSynchronizedBuildFileExceptionSet;
			membershipExceptions = (
				Info.plist,
				PocketBaseDemo.xctestplan,
			);
			target = 034922CA2C635F4900FC5AFD /* PocketBaseDemo */;
		};
/* End PBXFileSystemSynchronizedBuildFileExceptionSet section */

/* Begin PBXFileSystemSynchronizedRootGroup section */
		034922CD2C635F4900FC5AFD /* PocketBaseDemo */ = {isa = PBXFileSystemSynchronizedRootGroup; exceptions = (0303CF192C6C65A900567515 /* PBXFileSystemSynchronizedBuildFileExceptionSet */, ); explicitFileTypes = {}; explicitFolders = (); path = PocketBaseDemo; sourceTree = "<group>"; };
		034922DF2C635F4A00FC5AFD /* PocketBaseDemoTests */ = {isa = PBXFileSystemSynchronizedRootGroup; explicitFileTypes = {}; explicitFolders = (); path = PocketBaseDemoTests; sourceTree = "<group>"; };
		034922E92C635F4A00FC5AFD /* PocketBaseDemoUITests */ = {isa = PBXFileSystemSynchronizedRootGroup; explicitFileTypes = {}; explicitFolders = (); path = PocketBaseDemoUITests; sourceTree = "<group>"; };
		03B77BA62CA9154A00F2657F /* PocketBaseIntegrationTests */ = {isa = PBXFileSystemSynchronizedRootGroup; explicitFileTypes = {}; explicitFolders = (); path = PocketBaseIntegrationTests; sourceTree = "<group>"; };
/* End PBXFileSystemSynchronizedRootGroup section */

/* Begin PBXFrameworksBuildPhase section */
		034922C82C635F4900FC5AFD /* Frameworks */ = {
			isa = PBXFrameworksBuildPhase;
			buildActionMask = 2147483647;
			files = (
				034922FB2C635FA200FC5AFD /* PocketBase in Frameworks */,
				0303CF152C6C630400567515 /* PocketBaseUI in Frameworks */,
			);
			runOnlyForDeploymentPostprocessing = 0;
		};
		034922D92C635F4A00FC5AFD /* Frameworks */ = {
			isa = PBXFrameworksBuildPhase;
			buildActionMask = 2147483647;
			files = (
			);
			runOnlyForDeploymentPostprocessing = 0;
		};
		034922E32C635F4A00FC5AFD /* Frameworks */ = {
			isa = PBXFrameworksBuildPhase;
			buildActionMask = 2147483647;
			files = (
			);
			runOnlyForDeploymentPostprocessing = 0;
		};
		03B77BA22CA9154A00F2657F /* Frameworks */ = {
			isa = PBXFrameworksBuildPhase;
			buildActionMask = 2147483647;
			files = (
				03CE5D592CA9177D00F50B0C /* PocketBase in Frameworks */,
			);
			runOnlyForDeploymentPostprocessing = 0;
		};
/* End PBXFrameworksBuildPhase section */

/* Begin PBXGroup section */
		0303CF132C6C630400567515 /* Frameworks */ = {
			isa = PBXGroup;
			children = (
			);
			name = Frameworks;
			sourceTree = "<group>";
		};
		034922C22C635F4900FC5AFD = {
			isa = PBXGroup;
			children = (
				034922CD2C635F4900FC5AFD /* PocketBaseDemo */,
				034922DF2C635F4A00FC5AFD /* PocketBaseDemoTests */,
				034922E92C635F4A00FC5AFD /* PocketBaseDemoUITests */,
				03B77BA62CA9154A00F2657F /* PocketBaseIntegrationTests */,
				0303CF132C6C630400567515 /* Frameworks */,
				034922CC2C635F4900FC5AFD /* Products */,
			);
			sourceTree = "<group>";
		};
		034922CC2C635F4900FC5AFD /* Products */ = {
			isa = PBXGroup;
			children = (
				034922CB2C635F4900FC5AFD /* PocketBaseDemo.app */,
				034922DC2C635F4A00FC5AFD /* PocketBaseDemoTests.xctest */,
				034922E62C635F4A00FC5AFD /* PocketBaseDemoUITests.xctest */,
				03B77BA52CA9154A00F2657F /* PocketBaseIntegrationTests.xctest */,
			);
			name = Products;
			sourceTree = "<group>";
		};
/* End PBXGroup section */

/* Begin PBXNativeTarget section */
		034922CA2C635F4900FC5AFD /* PocketBaseDemo */ = {
			isa = PBXNativeTarget;
			buildConfigurationList = 034922F02C635F4A00FC5AFD /* Build configuration list for PBXNativeTarget "PocketBaseDemo" */;
			buildPhases = (
				034922C72C635F4900FC5AFD /* Sources */,
				034922C82C635F4900FC5AFD /* Frameworks */,
				034922C92C635F4900FC5AFD /* Resources */,
			);
			buildRules = (
			);
			dependencies = (
			);
			fileSystemSynchronizedGroups = (
				034922CD2C635F4900FC5AFD /* PocketBaseDemo */,
			);
			name = PocketBaseDemo;
			packageProductDependencies = (
				034922FA2C635FA200FC5AFD /* PocketBase */,
				0303CF142C6C630400567515 /* PocketBaseUI */,
			);
			productName = PocketBaseDemo;
			productReference = 034922CB2C635F4900FC5AFD /* PocketBaseDemo.app */;
			productType = "com.apple.product-type.application";
		};
		034922DB2C635F4A00FC5AFD /* PocketBaseDemoTests */ = {
			isa = PBXNativeTarget;
			buildConfigurationList = 034922F32C635F4A00FC5AFD /* Build configuration list for PBXNativeTarget "PocketBaseDemoTests" */;
			buildPhases = (
				034922D82C635F4A00FC5AFD /* Sources */,
				034922D92C635F4A00FC5AFD /* Frameworks */,
				034922DA2C635F4A00FC5AFD /* Resources */,
			);
			buildRules = (
			);
			dependencies = (
				034922DE2C635F4A00FC5AFD /* PBXTargetDependency */,
			);
			fileSystemSynchronizedGroups = (
				034922DF2C635F4A00FC5AFD /* PocketBaseDemoTests */,
			);
			name = PocketBaseDemoTests;
			packageProductDependencies = (
			);
			productName = PocketBaseDemoTests;
			productReference = 034922DC2C635F4A00FC5AFD /* PocketBaseDemoTests.xctest */;
			productType = "com.apple.product-type.bundle.unit-test";
		};
		034922E52C635F4A00FC5AFD /* PocketBaseDemoUITests */ = {
			isa = PBXNativeTarget;
			buildConfigurationList = 034922F62C635F4A00FC5AFD /* Build configuration list for PBXNativeTarget "PocketBaseDemoUITests" */;
			buildPhases = (
				034922E22C635F4A00FC5AFD /* Sources */,
				034922E32C635F4A00FC5AFD /* Frameworks */,
				034922E42C635F4A00FC5AFD /* Resources */,
			);
			buildRules = (
			);
			dependencies = (
				034922E82C635F4A00FC5AFD /* PBXTargetDependency */,
			);
			fileSystemSynchronizedGroups = (
				034922E92C635F4A00FC5AFD /* PocketBaseDemoUITests */,
			);
			name = PocketBaseDemoUITests;
			packageProductDependencies = (
			);
			productName = PocketBaseDemoUITests;
			productReference = 034922E62C635F4A00FC5AFD /* PocketBaseDemoUITests.xctest */;
			productType = "com.apple.product-type.bundle.ui-testing";
		};
		03B77BA42CA9154A00F2657F /* PocketBaseIntegrationTests */ = {
			isa = PBXNativeTarget;
			buildConfigurationList = 03B77BAB2CA9154A00F2657F /* Build configuration list for PBXNativeTarget "PocketBaseIntegrationTests" */;
			buildPhases = (
				03B77BA12CA9154A00F2657F /* Sources */,
				03B77BA22CA9154A00F2657F /* Frameworks */,
				03B77BA32CA9154A00F2657F /* Resources */,
			);
			buildRules = (
			);
			dependencies = (
				03B77BAA2CA9154A00F2657F /* PBXTargetDependency */,
			);
			fileSystemSynchronizedGroups = (
				03B77BA62CA9154A00F2657F /* PocketBaseIntegrationTests */,
			);
			name = PocketBaseIntegrationTests;
			packageProductDependencies = (
				03CE5D582CA9177D00F50B0C /* PocketBase */,
			);
			productName = PocketBaseIntegrationTests;
			productReference = 03B77BA52CA9154A00F2657F /* PocketBaseIntegrationTests.xctest */;
			productType = "com.apple.product-type.bundle.unit-test";
		};
/* End PBXNativeTarget section */

/* Begin PBXProject section */
		034922C32C635F4900FC5AFD /* Project object */ = {
			isa = PBXProject;
			attributes = {
				BuildIndependentTargetsInParallel = 1;
				LastSwiftUpdateCheck = 1610;
				LastUpgradeCheck = 1610;
				TargetAttributes = {
					034922CA2C635F4900FC5AFD = {
						CreatedOnToolsVersion = 16.0;
					};
					034922DB2C635F4A00FC5AFD = {
						CreatedOnToolsVersion = 16.0;
						TestTargetID = 034922CA2C635F4900FC5AFD;
					};
					034922E52C635F4A00FC5AFD = {
						CreatedOnToolsVersion = 16.0;
						TestTargetID = 034922CA2C635F4900FC5AFD;
					};
					03B77BA42CA9154A00F2657F = {
						CreatedOnToolsVersion = 16.1;
						TestTargetID = 034922CA2C635F4900FC5AFD;
					};
				};
			};
			buildConfigurationList = 034922C62C635F4900FC5AFD /* Build configuration list for PBXProject "PocketBaseDemo" */;
			compatibilityVersion = "Xcode 15.0";
			developmentRegion = en;
			hasScannedForEncodings = 0;
			knownRegions = (
				en,
				Base,
			);
			mainGroup = 034922C22C635F4900FC5AFD;
			packageReferences = (
				034922F92C635FA200FC5AFD /* XCLocalSwiftPackageReference "../../PocketBase" */,
			);
			productRefGroup = 034922CC2C635F4900FC5AFD /* Products */;
			projectDirPath = "";
			projectRoot = "";
			targets = (
				034922CA2C635F4900FC5AFD /* PocketBaseDemo */,
				034922DB2C635F4A00FC5AFD /* PocketBaseDemoTests */,
				034922E52C635F4A00FC5AFD /* PocketBaseDemoUITests */,
				03B77BA42CA9154A00F2657F /* PocketBaseIntegrationTests */,
			);
		};
/* End PBXProject section */

/* Begin PBXResourcesBuildPhase section */
		034922C92C635F4900FC5AFD /* Resources */ = {
			isa = PBXResourcesBuildPhase;
			buildActionMask = 2147483647;
			files = (
			);
			runOnlyForDeploymentPostprocessing = 0;
		};
		034922DA2C635F4A00FC5AFD /* Resources */ = {
			isa = PBXResourcesBuildPhase;
			buildActionMask = 2147483647;
			files = (
			);
			runOnlyForDeploymentPostprocessing = 0;
		};
		034922E42C635F4A00FC5AFD /* Resources */ = {
			isa = PBXResourcesBuildPhase;
			buildActionMask = 2147483647;
			files = (
			);
			runOnlyForDeploymentPostprocessing = 0;
		};
		03B77BA32CA9154A00F2657F /* Resources */ = {
			isa = PBXResourcesBuildPhase;
			buildActionMask = 2147483647;
			files = (
			);
			runOnlyForDeploymentPostprocessing = 0;
		};
/* End PBXResourcesBuildPhase section */

/* Begin PBXSourcesBuildPhase section */
		034922C72C635F4900FC5AFD /* Sources */ = {
			isa = PBXSourcesBuildPhase;
			buildActionMask = 2147483647;
			files = (
			);
			runOnlyForDeploymentPostprocessing = 0;
		};
		034922D82C635F4A00FC5AFD /* Sources */ = {
			isa = PBXSourcesBuildPhase;
			buildActionMask = 2147483647;
			files = (
			);
			runOnlyForDeploymentPostprocessing = 0;
		};
		034922E22C635F4A00FC5AFD /* Sources */ = {
			isa = PBXSourcesBuildPhase;
			buildActionMask = 2147483647;
			files = (
			);
			runOnlyForDeploymentPostprocessing = 0;
		};
		03B77BA12CA9154A00F2657F /* Sources */ = {
			isa = PBXSourcesBuildPhase;
			buildActionMask = 2147483647;
			files = (
			);
			runOnlyForDeploymentPostprocessing = 0;
		};
/* End PBXSourcesBuildPhase section */

/* Begin PBXTargetDependency section */
		034922DE2C635F4A00FC5AFD /* PBXTargetDependency */ = {
			isa = PBXTargetDependency;
			target = 034922CA2C635F4900FC5AFD /* PocketBaseDemo */;
			targetProxy = 034922DD2C635F4A00FC5AFD /* PBXContainerItemProxy */;
		};
		034922E82C635F4A00FC5AFD /* PBXTargetDependency */ = {
			isa = PBXTargetDependency;
			target = 034922CA2C635F4900FC5AFD /* PocketBaseDemo */;
			targetProxy = 034922E72C635F4A00FC5AFD /* PBXContainerItemProxy */;
		};
		03B77BAA2CA9154A00F2657F /* PBXTargetDependency */ = {
			isa = PBXTargetDependency;
			target = 034922CA2C635F4900FC5AFD /* PocketBaseDemo */;
			targetProxy = 03B77BA92CA9154A00F2657F /* PBXContainerItemProxy */;
		};
/* End PBXTargetDependency section */

/* Begin XCBuildConfiguration section */
		034922EE2C635F4A00FC5AFD /* Debug */ = {
			isa = XCBuildConfiguration;
			buildSettings = {
				ALWAYS_SEARCH_USER_PATHS = NO;
				ASSETCATALOG_COMPILER_GENERATE_SWIFT_ASSET_SYMBOL_EXTENSIONS = YES;
				CLANG_ANALYZER_NONNULL = YES;
				CLANG_ANALYZER_NUMBER_OBJECT_CONVERSION = YES_AGGRESSIVE;
				CLANG_CXX_LANGUAGE_STANDARD = "gnu++20";
				CLANG_ENABLE_MODULES = YES;
				CLANG_ENABLE_OBJC_ARC = YES;
				CLANG_ENABLE_OBJC_WEAK = YES;
				CLANG_WARN_BLOCK_CAPTURE_AUTORELEASING = YES;
				CLANG_WARN_BOOL_CONVERSION = YES;
				CLANG_WARN_COMMA = YES;
				CLANG_WARN_CONSTANT_CONVERSION = YES;
				CLANG_WARN_DEPRECATED_OBJC_IMPLEMENTATIONS = YES;
				CLANG_WARN_DIRECT_OBJC_ISA_USAGE = YES_ERROR;
				CLANG_WARN_DOCUMENTATION_COMMENTS = YES;
				CLANG_WARN_EMPTY_BODY = YES;
				CLANG_WARN_ENUM_CONVERSION = YES;
				CLANG_WARN_INFINITE_RECURSION = YES;
				CLANG_WARN_INT_CONVERSION = YES;
				CLANG_WARN_NON_LITERAL_NULL_CONVERSION = YES;
				CLANG_WARN_OBJC_IMPLICIT_RETAIN_SELF = YES;
				CLANG_WARN_OBJC_LITERAL_CONVERSION = YES;
				CLANG_WARN_OBJC_ROOT_CLASS = YES_ERROR;
				CLANG_WARN_QUOTED_INCLUDE_IN_FRAMEWORK_HEADER = YES;
				CLANG_WARN_RANGE_LOOP_ANALYSIS = YES;
				CLANG_WARN_STRICT_PROTOTYPES = YES;
				CLANG_WARN_SUSPICIOUS_MOVE = YES;
				CLANG_WARN_UNGUARDED_AVAILABILITY = YES_AGGRESSIVE;
				CLANG_WARN_UNREACHABLE_CODE = YES;
				CLANG_WARN__DUPLICATE_METHOD_MATCH = YES;
				COPY_PHASE_STRIP = NO;
				DEAD_CODE_STRIPPING = YES;
				DEBUG_INFORMATION_FORMAT = dwarf;
				ENABLE_STRICT_OBJC_MSGSEND = YES;
				ENABLE_TESTABILITY = YES;
				ENABLE_USER_SCRIPT_SANDBOXING = YES;
				GCC_C_LANGUAGE_STANDARD = gnu17;
				GCC_DYNAMIC_NO_PIC = NO;
				GCC_NO_COMMON_BLOCKS = YES;
				GCC_OPTIMIZATION_LEVEL = 0;
				GCC_PREPROCESSOR_DEFINITIONS = (
					"DEBUG=1",
					"$(inherited)",
				);
				GCC_WARN_64_TO_32_BIT_CONVERSION = YES;
				GCC_WARN_ABOUT_RETURN_TYPE = YES_ERROR;
				GCC_WARN_UNDECLARED_SELECTOR = YES;
				GCC_WARN_UNINITIALIZED_AUTOS = YES_AGGRESSIVE;
				GCC_WARN_UNUSED_FUNCTION = YES;
				GCC_WARN_UNUSED_VARIABLE = YES;
				LOCALIZATION_PREFERS_STRING_CATALOGS = YES;
				MTL_ENABLE_DEBUG_INFO = INCLUDE_SOURCE;
				MTL_FAST_MATH = YES;
				ONLY_ACTIVE_ARCH = YES;
				SWIFT_ACTIVE_COMPILATION_CONDITIONS = "DEBUG $(inherited)";
				SWIFT_OPTIMIZATION_LEVEL = "-Onone";
			};
			name = Debug;
		};
		034922EF2C635F4A00FC5AFD /* Release */ = {
			isa = XCBuildConfiguration;
			buildSettings = {
				ALWAYS_SEARCH_USER_PATHS = NO;
				ASSETCATALOG_COMPILER_GENERATE_SWIFT_ASSET_SYMBOL_EXTENSIONS = YES;
				CLANG_ANALYZER_NONNULL = YES;
				CLANG_ANALYZER_NUMBER_OBJECT_CONVERSION = YES_AGGRESSIVE;
				CLANG_CXX_LANGUAGE_STANDARD = "gnu++20";
				CLANG_ENABLE_MODULES = YES;
				CLANG_ENABLE_OBJC_ARC = YES;
				CLANG_ENABLE_OBJC_WEAK = YES;
				CLANG_WARN_BLOCK_CAPTURE_AUTORELEASING = YES;
				CLANG_WARN_BOOL_CONVERSION = YES;
				CLANG_WARN_COMMA = YES;
				CLANG_WARN_CONSTANT_CONVERSION = YES;
				CLANG_WARN_DEPRECATED_OBJC_IMPLEMENTATIONS = YES;
				CLANG_WARN_DIRECT_OBJC_ISA_USAGE = YES_ERROR;
				CLANG_WARN_DOCUMENTATION_COMMENTS = YES;
				CLANG_WARN_EMPTY_BODY = YES;
				CLANG_WARN_ENUM_CONVERSION = YES;
				CLANG_WARN_INFINITE_RECURSION = YES;
				CLANG_WARN_INT_CONVERSION = YES;
				CLANG_WARN_NON_LITERAL_NULL_CONVERSION = YES;
				CLANG_WARN_OBJC_IMPLICIT_RETAIN_SELF = YES;
				CLANG_WARN_OBJC_LITERAL_CONVERSION = YES;
				CLANG_WARN_OBJC_ROOT_CLASS = YES_ERROR;
				CLANG_WARN_QUOTED_INCLUDE_IN_FRAMEWORK_HEADER = YES;
				CLANG_WARN_RANGE_LOOP_ANALYSIS = YES;
				CLANG_WARN_STRICT_PROTOTYPES = YES;
				CLANG_WARN_SUSPICIOUS_MOVE = YES;
				CLANG_WARN_UNGUARDED_AVAILABILITY = YES_AGGRESSIVE;
				CLANG_WARN_UNREACHABLE_CODE = YES;
				CLANG_WARN__DUPLICATE_METHOD_MATCH = YES;
				COPY_PHASE_STRIP = NO;
				DEAD_CODE_STRIPPING = YES;
				DEBUG_INFORMATION_FORMAT = "dwarf-with-dsym";
				ENABLE_NS_ASSERTIONS = NO;
				ENABLE_STRICT_OBJC_MSGSEND = YES;
				ENABLE_USER_SCRIPT_SANDBOXING = YES;
				GCC_C_LANGUAGE_STANDARD = gnu17;
				GCC_NO_COMMON_BLOCKS = YES;
				GCC_WARN_64_TO_32_BIT_CONVERSION = YES;
				GCC_WARN_ABOUT_RETURN_TYPE = YES_ERROR;
				GCC_WARN_UNDECLARED_SELECTOR = YES;
				GCC_WARN_UNINITIALIZED_AUTOS = YES_AGGRESSIVE;
				GCC_WARN_UNUSED_FUNCTION = YES;
				GCC_WARN_UNUSED_VARIABLE = YES;
				LOCALIZATION_PREFERS_STRING_CATALOGS = YES;
				MTL_ENABLE_DEBUG_INFO = NO;
				MTL_FAST_MATH = YES;
				SWIFT_COMPILATION_MODE = wholemodule;
			};
			name = Release;
		};
		034922F12C635F4A00FC5AFD /* Debug */ = {
			isa = XCBuildConfiguration;
			buildSettings = {
				ASSETCATALOG_COMPILER_APPICON_NAME = AppIcon;
				ASSETCATALOG_COMPILER_GLOBAL_ACCENT_COLOR_NAME = AccentColor;
				CODE_SIGN_ENTITLEMENTS = PocketBaseDemo/PocketBaseDemo.entitlements;
				CODE_SIGN_STYLE = Automatic;
				CURRENT_PROJECT_VERSION = 1;
				DEAD_CODE_STRIPPING = YES;
				DEVELOPMENT_ASSET_PATHS = "\"PocketBaseDemo/Preview Content\"";
				DEVELOPMENT_TEAM = LU6454UVH5;
				ENABLE_HARDENED_RUNTIME = YES;
				ENABLE_PREVIEWS = YES;
				GENERATE_INFOPLIST_FILE = YES;
				INFOPLIST_FILE = PocketBaseDemo/Info.plist;
				"INFOPLIST_KEY_UIApplicationSceneManifest_Generation[sdk=iphoneos*]" = YES;
				"INFOPLIST_KEY_UIApplicationSceneManifest_Generation[sdk=iphonesimulator*]" = YES;
				"INFOPLIST_KEY_UIApplicationSupportsIndirectInputEvents[sdk=iphoneos*]" = YES;
				"INFOPLIST_KEY_UIApplicationSupportsIndirectInputEvents[sdk=iphonesimulator*]" = YES;
				"INFOPLIST_KEY_UILaunchScreen_Generation[sdk=iphoneos*]" = YES;
				"INFOPLIST_KEY_UILaunchScreen_Generation[sdk=iphonesimulator*]" = YES;
				"INFOPLIST_KEY_UIStatusBarStyle[sdk=iphoneos*]" = UIStatusBarStyleDefault;
				"INFOPLIST_KEY_UIStatusBarStyle[sdk=iphonesimulator*]" = UIStatusBarStyleDefault;
				INFOPLIST_KEY_UISupportedInterfaceOrientations_iPad = "UIInterfaceOrientationPortrait UIInterfaceOrientationPortraitUpsideDown UIInterfaceOrientationLandscapeLeft UIInterfaceOrientationLandscapeRight";
				INFOPLIST_KEY_UISupportedInterfaceOrientations_iPhone = "UIInterfaceOrientationPortrait UIInterfaceOrientationLandscapeLeft UIInterfaceOrientationLandscapeRight";
				IPHONEOS_DEPLOYMENT_TARGET = 18.0;
				LD_RUNPATH_SEARCH_PATHS = "@executable_path/Frameworks";
				"LD_RUNPATH_SEARCH_PATHS[sdk=macosx*]" = "@executable_path/../Frameworks";
				MACOSX_DEPLOYMENT_TARGET = 15.0;
				MARKETING_VERSION = 1.0;
				PRODUCT_BUNDLE_IDENTIFIER = com.briannadoubt.PocketBaseDemo;
				PRODUCT_NAME = "$(TARGET_NAME)";
				SDKROOT = auto;
				SUPPORTED_PLATFORMS = "iphoneos iphonesimulator macosx xros xrsimulator";
				SUPPORTS_MACCATALYST = NO;
				SWIFT_EMIT_LOC_STRINGS = YES;
				SWIFT_VERSION = 6.0;
				TARGETED_DEVICE_FAMILY = "1,2,7";
				XROS_DEPLOYMENT_TARGET = 2.0;
			};
			name = Debug;
		};
		034922F22C635F4A00FC5AFD /* Release */ = {
			isa = XCBuildConfiguration;
			buildSettings = {
				ASSETCATALOG_COMPILER_APPICON_NAME = AppIcon;
				ASSETCATALOG_COMPILER_GLOBAL_ACCENT_COLOR_NAME = AccentColor;
				CODE_SIGN_ENTITLEMENTS = PocketBaseDemo/PocketBaseDemo.entitlements;
				CODE_SIGN_STYLE = Automatic;
				CURRENT_PROJECT_VERSION = 1;
				DEAD_CODE_STRIPPING = YES;
				DEVELOPMENT_ASSET_PATHS = "\"PocketBaseDemo/Preview Content\"";
				DEVELOPMENT_TEAM = LU6454UVH5;
				ENABLE_HARDENED_RUNTIME = YES;
				ENABLE_PREVIEWS = YES;
				GENERATE_INFOPLIST_FILE = YES;
				INFOPLIST_FILE = PocketBaseDemo/Info.plist;
				"INFOPLIST_KEY_UIApplicationSceneManifest_Generation[sdk=iphoneos*]" = YES;
				"INFOPLIST_KEY_UIApplicationSceneManifest_Generation[sdk=iphonesimulator*]" = YES;
				"INFOPLIST_KEY_UIApplicationSupportsIndirectInputEvents[sdk=iphoneos*]" = YES;
				"INFOPLIST_KEY_UIApplicationSupportsIndirectInputEvents[sdk=iphonesimulator*]" = YES;
				"INFOPLIST_KEY_UILaunchScreen_Generation[sdk=iphoneos*]" = YES;
				"INFOPLIST_KEY_UILaunchScreen_Generation[sdk=iphonesimulator*]" = YES;
				"INFOPLIST_KEY_UIStatusBarStyle[sdk=iphoneos*]" = UIStatusBarStyleDefault;
				"INFOPLIST_KEY_UIStatusBarStyle[sdk=iphonesimulator*]" = UIStatusBarStyleDefault;
				INFOPLIST_KEY_UISupportedInterfaceOrientations_iPad = "UIInterfaceOrientationPortrait UIInterfaceOrientationPortraitUpsideDown UIInterfaceOrientationLandscapeLeft UIInterfaceOrientationLandscapeRight";
				INFOPLIST_KEY_UISupportedInterfaceOrientations_iPhone = "UIInterfaceOrientationPortrait UIInterfaceOrientationLandscapeLeft UIInterfaceOrientationLandscapeRight";
				IPHONEOS_DEPLOYMENT_TARGET = 18.0;
				LD_RUNPATH_SEARCH_PATHS = "@executable_path/Frameworks";
				"LD_RUNPATH_SEARCH_PATHS[sdk=macosx*]" = "@executable_path/../Frameworks";
				MACOSX_DEPLOYMENT_TARGET = 15.0;
				MARKETING_VERSION = 1.0;
				PRODUCT_BUNDLE_IDENTIFIER = com.briannadoubt.PocketBaseDemo;
				PRODUCT_NAME = "$(TARGET_NAME)";
				SDKROOT = auto;
				SUPPORTED_PLATFORMS = "iphoneos iphonesimulator macosx xros xrsimulator";
				SUPPORTS_MACCATALYST = NO;
				SWIFT_EMIT_LOC_STRINGS = YES;
				SWIFT_VERSION = 6.0;
				TARGETED_DEVICE_FAMILY = "1,2,7";
				XROS_DEPLOYMENT_TARGET = 2.0;
			};
			name = Release;
		};
		034922F42C635F4A00FC5AFD /* Debug */ = {
			isa = XCBuildConfiguration;
			buildSettings = {
				BUNDLE_LOADER = "$(TEST_HOST)";
				CODE_SIGN_STYLE = Automatic;
				CURRENT_PROJECT_VERSION = 1;
				DEAD_CODE_STRIPPING = YES;
				DEVELOPMENT_TEAM = LU6454UVH5;
				GENERATE_INFOPLIST_FILE = YES;
				IPHONEOS_DEPLOYMENT_TARGET = 18.0;
				MACOSX_DEPLOYMENT_TARGET = 15.0;
				MARKETING_VERSION = 1.0;
				PRODUCT_BUNDLE_IDENTIFIER = com.briannadoubt.PocketBaseDemoTests;
				PRODUCT_NAME = "$(TARGET_NAME)";
				SDKROOT = auto;
				SUPPORTED_PLATFORMS = "iphoneos iphonesimulator macosx xros xrsimulator";
				SWIFT_EMIT_LOC_STRINGS = NO;
				SWIFT_VERSION = 5.0;
				TARGETED_DEVICE_FAMILY = "1,2,7";
				TEST_HOST = "$(BUILT_PRODUCTS_DIR)/PocketBaseDemo.app/$(BUNDLE_EXECUTABLE_FOLDER_PATH)/PocketBaseDemo";
				XROS_DEPLOYMENT_TARGET = 2.0;
			};
			name = Debug;
		};
		034922F52C635F4A00FC5AFD /* Release */ = {
			isa = XCBuildConfiguration;
			buildSettings = {
				BUNDLE_LOADER = "$(TEST_HOST)";
				CODE_SIGN_STYLE = Automatic;
				CURRENT_PROJECT_VERSION = 1;
				DEAD_CODE_STRIPPING = YES;
				DEVELOPMENT_TEAM = LU6454UVH5;
				GENERATE_INFOPLIST_FILE = YES;
				IPHONEOS_DEPLOYMENT_TARGET = 18.0;
				MACOSX_DEPLOYMENT_TARGET = 15.0;
				MARKETING_VERSION = 1.0;
				PRODUCT_BUNDLE_IDENTIFIER = com.briannadoubt.PocketBaseDemoTests;
				PRODUCT_NAME = "$(TARGET_NAME)";
				SDKROOT = auto;
				SUPPORTED_PLATFORMS = "iphoneos iphonesimulator macosx xros xrsimulator";
				SWIFT_EMIT_LOC_STRINGS = NO;
				SWIFT_VERSION = 5.0;
				TARGETED_DEVICE_FAMILY = "1,2,7";
				TEST_HOST = "$(BUILT_PRODUCTS_DIR)/PocketBaseDemo.app/$(BUNDLE_EXECUTABLE_FOLDER_PATH)/PocketBaseDemo";
				XROS_DEPLOYMENT_TARGET = 2.0;
			};
			name = Release;
		};
		034922F72C635F4A00FC5AFD /* Debug */ = {
			isa = XCBuildConfiguration;
			buildSettings = {
				CODE_SIGN_STYLE = Automatic;
				CURRENT_PROJECT_VERSION = 1;
				DEAD_CODE_STRIPPING = YES;
				DEVELOPMENT_TEAM = LU6454UVH5;
				GENERATE_INFOPLIST_FILE = YES;
				IPHONEOS_DEPLOYMENT_TARGET = 18.0;
				MACOSX_DEPLOYMENT_TARGET = 15.0;
				MARKETING_VERSION = 1.0;
				PRODUCT_BUNDLE_IDENTIFIER = com.briannadoubt.PocketBaseDemoUITests;
				PRODUCT_NAME = "$(TARGET_NAME)";
				SDKROOT = auto;
				SUPPORTED_PLATFORMS = "iphoneos iphonesimulator macosx xros xrsimulator";
				SWIFT_EMIT_LOC_STRINGS = NO;
				SWIFT_VERSION = 5.0;
				TARGETED_DEVICE_FAMILY = "1,2,7";
				TEST_TARGET_NAME = PocketBaseDemo;
				XROS_DEPLOYMENT_TARGET = 2.0;
			};
			name = Debug;
		};
		034922F82C635F4A00FC5AFD /* Release */ = {
			isa = XCBuildConfiguration;
			buildSettings = {
				CODE_SIGN_STYLE = Automatic;
				CURRENT_PROJECT_VERSION = 1;
				DEAD_CODE_STRIPPING = YES;
				DEVELOPMENT_TEAM = LU6454UVH5;
				GENERATE_INFOPLIST_FILE = YES;
				IPHONEOS_DEPLOYMENT_TARGET = 18.0;
				MACOSX_DEPLOYMENT_TARGET = 15.0;
				MARKETING_VERSION = 1.0;
				PRODUCT_BUNDLE_IDENTIFIER = com.briannadoubt.PocketBaseDemoUITests;
				PRODUCT_NAME = "$(TARGET_NAME)";
				SDKROOT = auto;
				SUPPORTED_PLATFORMS = "iphoneos iphonesimulator macosx xros xrsimulator";
				SWIFT_EMIT_LOC_STRINGS = NO;
				SWIFT_VERSION = 5.0;
				TARGETED_DEVICE_FAMILY = "1,2,7";
				TEST_TARGET_NAME = PocketBaseDemo;
				XROS_DEPLOYMENT_TARGET = 2.0;
			};
			name = Release;
		};
		03B77BAC2CA9154A00F2657F /* Debug */ = {
			isa = XCBuildConfiguration;
			buildSettings = {
				BUNDLE_LOADER = "$(TEST_HOST)";
				CODE_SIGN_STYLE = Automatic;
				CURRENT_PROJECT_VERSION = 1;
				DEVELOPMENT_TEAM = LU6454UVH5;
				GENERATE_INFOPLIST_FILE = YES;
				IPHONEOS_DEPLOYMENT_TARGET = 18.1;
				MACOSX_DEPLOYMENT_TARGET = 15.1;
				MARKETING_VERSION = 1.0;
				PRODUCT_BUNDLE_IDENTIFIER = com.briannadoubt.PocketBaseIntegrationTests;
				PRODUCT_NAME = "$(TARGET_NAME)";
				SDKROOT = auto;
				SUPPORTED_PLATFORMS = "iphoneos iphonesimulator macosx xros xrsimulator";
				SWIFT_EMIT_LOC_STRINGS = NO;
				SWIFT_VERSION = 5.0;
				TARGETED_DEVICE_FAMILY = "1,2,7";
				TEST_HOST = "$(BUILT_PRODUCTS_DIR)/PocketBaseDemo.app/$(BUNDLE_EXECUTABLE_FOLDER_PATH)/PocketBaseDemo";
				XROS_DEPLOYMENT_TARGET = 2.1;
			};
			name = Debug;
		};
		03B77BAD2CA9154A00F2657F /* Release */ = {
			isa = XCBuildConfiguration;
			buildSettings = {
				BUNDLE_LOADER = "$(TEST_HOST)";
				CODE_SIGN_STYLE = Automatic;
				CURRENT_PROJECT_VERSION = 1;
				DEVELOPMENT_TEAM = LU6454UVH5;
				GENERATE_INFOPLIST_FILE = YES;
				IPHONEOS_DEPLOYMENT_TARGET = 18.1;
				MACOSX_DEPLOYMENT_TARGET = 15.1;
				MARKETING_VERSION = 1.0;
				PRODUCT_BUNDLE_IDENTIFIER = com.briannadoubt.PocketBaseIntegrationTests;
				PRODUCT_NAME = "$(TARGET_NAME)";
				SDKROOT = auto;
				SUPPORTED_PLATFORMS = "iphoneos iphonesimulator macosx xros xrsimulator";
				SWIFT_EMIT_LOC_STRINGS = NO;
				SWIFT_VERSION = 5.0;
				TARGETED_DEVICE_FAMILY = "1,2,7";
				TEST_HOST = "$(BUILT_PRODUCTS_DIR)/PocketBaseDemo.app/$(BUNDLE_EXECUTABLE_FOLDER_PATH)/PocketBaseDemo";
				XROS_DEPLOYMENT_TARGET = 2.1;
			};
			name = Release;
		};
/* End XCBuildConfiguration section */

/* Begin XCConfigurationList section */
		034922C62C635F4900FC5AFD /* Build configuration list for PBXProject "PocketBaseDemo" */ = {
			isa = XCConfigurationList;
			buildConfigurations = (
				034922EE2C635F4A00FC5AFD /* Debug */,
				034922EF2C635F4A00FC5AFD /* Release */,
			);
			defaultConfigurationIsVisible = 0;
			defaultConfigurationName = Release;
		};
		034922F02C635F4A00FC5AFD /* Build configuration list for PBXNativeTarget "PocketBaseDemo" */ = {
			isa = XCConfigurationList;
			buildConfigurations = (
				034922F12C635F4A00FC5AFD /* Debug */,
				034922F22C635F4A00FC5AFD /* Release */,
			);
			defaultConfigurationIsVisible = 0;
			defaultConfigurationName = Release;
		};
		034922F32C635F4A00FC5AFD /* Build configuration list for PBXNativeTarget "PocketBaseDemoTests" */ = {
			isa = XCConfigurationList;
			buildConfigurations = (
				034922F42C635F4A00FC5AFD /* Debug */,
				034922F52C635F4A00FC5AFD /* Release */,
			);
			defaultConfigurationIsVisible = 0;
			defaultConfigurationName = Release;
		};
		034922F62C635F4A00FC5AFD /* Build configuration list for PBXNativeTarget "PocketBaseDemoUITests" */ = {
			isa = XCConfigurationList;
			buildConfigurations = (
				034922F72C635F4A00FC5AFD /* Debug */,
				034922F82C635F4A00FC5AFD /* Release */,
			);
			defaultConfigurationIsVisible = 0;
			defaultConfigurationName = Release;
		};
		03B77BAB2CA9154A00F2657F /* Build configuration list for PBXNativeTarget "PocketBaseIntegrationTests" */ = {
			isa = XCConfigurationList;
			buildConfigurations = (
				03B77BAC2CA9154A00F2657F /* Debug */,
				03B77BAD2CA9154A00F2657F /* Release */,
			);
			defaultConfigurationIsVisible = 0;
			defaultConfigurationName = Release;
		};
/* End XCConfigurationList section */

/* Begin XCLocalSwiftPackageReference section */
		034922F92C635FA200FC5AFD /* XCLocalSwiftPackageReference "../../PocketBase" */ = {
			isa = XCLocalSwiftPackageReference;
			relativePath = ../../PocketBase;
		};
/* End XCLocalSwiftPackageReference section */

/* Begin XCSwiftPackageProductDependency section */
		0303CF142C6C630400567515 /* PocketBaseUI */ = {
			isa = XCSwiftPackageProductDependency;
			package = 034922F92C635FA200FC5AFD /* XCLocalSwiftPackageReference "../../PocketBase" */;
			productName = PocketBaseUI;
		};
		034922FA2C635FA200FC5AFD /* PocketBase */ = {
			isa = XCSwiftPackageProductDependency;
			productName = PocketBase;
		};
		03CE5D582CA9177D00F50B0C /* PocketBase */ = {
			isa = XCSwiftPackageProductDependency;
			package = 034922F92C635FA200FC5AFD /* XCLocalSwiftPackageReference "../../PocketBase" */;
			productName = PocketBase;
		};
/* End XCSwiftPackageProductDependency section */
	};
	rootObject = 034922C32C635F4900FC5AFD /* Project object */;
}
